
Microsoft Visual Studio Solution File, Format Version 12.00
# Visual Studio Version 16
VisualStudioVersion = 16.0.31410.357
MinimumVisualStudioVersion = 10.0.40219.1
Project("{FAE04EC0-301F-11D3-BF4B-00C04F79EFBC}") = "jwtplay", "jwtplay.csproj", "{4672419C-4EAB-4A0C-9279-CB5151CE41D7}"
EndProject
Global
	GlobalSection(SolutionConfigurationPlatforms) = preSolution
		Debug|Any CPU = Debug|Any CPU
		Release|Any CPU = Release|Any CPU
	EndGlobalSection
	GlobalSection(ProjectConfigurationPlatforms) = postSolution
		{4672419C-4EAB-4A0C-9279-CB5151CE41D7}.Debug|Any CPU.ActiveCfg = Debug|Any CPU
		{4672419C-4EAB-4A0C-9279-CB5151CE41D7}.Debug|Any CPU.Build.0 = Debug|Any CPU
		{4672419C-4EAB-4A0C-9279-CB5151CE41D7}.Release|Any CPU.ActiveCfg = Release|Any CPU
		{4672419C-4EAB-4A0C-9279-CB5151CE41D7}.Release|Any CPU.Build.0 = Release|Any CPU
	EndGlobalSection
	GlobalSection(SolutionProperties) = preSolution
		HideSolutionNode = FALSE
	EndGlobalSection
	GlobalSection(ExtensibilityGlobals) = postSolution
		SolutionGuid = {BA7E8DC2-329B-4A69-BAE1-C734DA413988}
	EndGlobalSection
EndGlobal
